
Microsoft Visual Studio Solution File, Format Version 12.00
# Visual Studio Version 16
VisualStudioVersion = 16.0.32901.82
MinimumVisualStudioVersion = 10.0.40219.1
Project("{FAE04EC0-301F-11D3-BF4B-00C04F79EFBC}") = "Array", "Array\Array.csproj", "{3A7E7AB4-9FD6-430E-B419-5D814A3C9F5D}"
EndProject
Global
	GlobalSection(SolutionConfigurationPlatforms) = preSolution
		Debug|Any CPU = Debug|Any CPU
		Release|Any CPU = Release|Any CPU
	EndGlobalSection
	GlobalSection(ProjectConfigurationPlatforms) = postSolution
		{3A7E7AB4-9FD6-430E-B419-5D814A3C9F5D}.Debug|Any CPU.ActiveCfg = Debug|Any CPU
		{3A7E7AB4-9FD6-430E-B419-5D814A3C9F5D}.Debug|Any CPU.Build.0 = Debug|Any CPU
		{3A7E7AB4-9FD6-430E-B419-5D814A3C9F5D}.Release|Any CPU.ActiveCfg = Release|Any CPU
		{3A7E7AB4-9FD6-430E-B419-5D814A3C9F5D}.Release|Any CPU.Build.0 = Release|Any CPU
	EndGlobalSection
	GlobalSection(SolutionProperties) = preSolution
		HideSolutionNode = FALSE
	EndGlobalSection
	GlobalSection(ExtensibilityGlobals) = postSolution
		SolutionGuid = {78E02759-036A-4241-8519-94A983B2A43A}
	EndGlobalSection
EndGlobal
