
Microsoft Visual Studio Solution File, Format Version 12.00
# Visual Studio Version 16
VisualStudioVersion = 16.0.32901.82
MinimumVisualStudioVersion = 10.0.40219.1
Project("{FAE04EC0-301F-11D3-BF4B-00C04F79EFBC}") = "UI_Control(Video_15)", "UI_Control(Video_15)\UI_Control(Video_15).csproj", "{EB468236-85E9-4948-A959-A97CC8431182}"
EndProject
Global
	GlobalSection(SolutionConfigurationPlatforms) = preSolution
		Debug|Any CPU = Debug|Any CPU
		Release|Any CPU = Release|Any CPU
	EndGlobalSection
	GlobalSection(ProjectConfigurationPlatforms) = postSolution
		{EB468236-85E9-4948-A959-A97CC8431182}.Debug|Any CPU.ActiveCfg = Debug|Any CPU
		{EB468236-85E9-4948-A959-A97CC8431182}.Debug|Any CPU.Build.0 = Debug|Any CPU
		{EB468236-85E9-4948-A959-A97CC8431182}.Release|Any CPU.ActiveCfg = Release|Any CPU
		{EB468236-85E9-4948-A959-A97CC8431182}.Release|Any CPU.Build.0 = Release|Any CPU
	EndGlobalSection
	GlobalSection(SolutionProperties) = preSolution
		HideSolutionNode = FALSE
	EndGlobalSection
	GlobalSection(ExtensibilityGlobals) = postSolution
		SolutionGuid = {F135C92F-F82A-4CCC-B846-08776BE29115}
	EndGlobalSection
EndGlobal
