
Microsoft Visual Studio Solution File, Format Version 12.00
# Visual Studio Version 16
VisualStudioVersion = 16.0.32901.82
MinimumVisualStudioVersion = 10.0.40219.1
Project("{FAE04EC0-301F-11D3-BF4B-00C04F79EFBC}") = "ValueType_Vs_RefType", "ValueType_Vs_RefType\ValueType_Vs_RefType.csproj", "{C404029F-A96B-4A52-B7F2-721EF6230153}"
EndProject
Global
	GlobalSection(SolutionConfigurationPlatforms) = preSolution
		Debug|Any CPU = Debug|Any CPU
		Release|Any CPU = Release|Any CPU
	EndGlobalSection
	GlobalSection(ProjectConfigurationPlatforms) = postSolution
		{C404029F-A96B-4A52-B7F2-721EF6230153}.Debug|Any CPU.ActiveCfg = Debug|Any CPU
		{C404029F-A96B-4A52-B7F2-721EF6230153}.Debug|Any CPU.Build.0 = Debug|Any CPU
		{C404029F-A96B-4A52-B7F2-721EF6230153}.Release|Any CPU.ActiveCfg = Release|Any CPU
		{C404029F-A96B-4A52-B7F2-721EF6230153}.Release|Any CPU.Build.0 = Release|Any CPU
	EndGlobalSection
	GlobalSection(SolutionProperties) = preSolution
		HideSolutionNode = FALSE
	EndGlobalSection
	GlobalSection(ExtensibilityGlobals) = postSolution
		SolutionGuid = {58FC3FBD-1F0F-4F84-8E42-ECC20BA009FA}
	EndGlobalSection
EndGlobal
