
Microsoft Visual Studio Solution File, Format Version 12.00
# Visual Studio Version 16
VisualStudioVersion = 16.0.32901.82
MinimumVisualStudioVersion = 10.0.40219.1
Project("{FAE04EC0-301F-11D3-BF4B-00C04F79EFBC}") = "Enum", "Enum\Enum.csproj", "{AE5C7E7E-BA21-489A-A7B3-E5E4C82B50FC}"
EndProject
Global
	GlobalSection(SolutionConfigurationPlatforms) = preSolution
		Debug|Any CPU = Debug|Any CPU
		Release|Any CPU = Release|Any CPU
	EndGlobalSection
	GlobalSection(ProjectConfigurationPlatforms) = postSolution
		{AE5C7E7E-BA21-489A-A7B3-E5E4C82B50FC}.Debug|Any CPU.ActiveCfg = Debug|Any CPU
		{AE5C7E7E-BA21-489A-A7B3-E5E4C82B50FC}.Debug|Any CPU.Build.0 = Debug|Any CPU
		{AE5C7E7E-BA21-489A-A7B3-E5E4C82B50FC}.Release|Any CPU.ActiveCfg = Release|Any CPU
		{AE5C7E7E-BA21-489A-A7B3-E5E4C82B50FC}.Release|Any CPU.Build.0 = Release|Any CPU
	EndGlobalSection
	GlobalSection(SolutionProperties) = preSolution
		HideSolutionNode = FALSE
	EndGlobalSection
	GlobalSection(ExtensibilityGlobals) = postSolution
		SolutionGuid = {6B9B647E-D017-4875-AA83-29E3DFEA024B}
	EndGlobalSection
EndGlobal
