
Microsoft Visual Studio Solution File, Format Version 12.00
# Visual Studio Version 16
VisualStudioVersion = 16.0.32901.82
MinimumVisualStudioVersion = 10.0.40219.1
Project("{FAE04EC0-301F-11D3-BF4B-00C04F79EFBC}") = "Gradiant_Back_Graound_Color", "Gradiant_Back_Graound_Color\Gradiant_Back_Graound_Color.csproj", "{A5C5BCBA-A4E4-4BE9-B6F2-9734E43DDE4B}"
EndProject
Global
	GlobalSection(SolutionConfigurationPlatforms) = preSolution
		Debug|Any CPU = Debug|Any CPU
		Release|Any CPU = Release|Any CPU
	EndGlobalSection
	GlobalSection(ProjectConfigurationPlatforms) = postSolution
		{A5C5BCBA-A4E4-4BE9-B6F2-9734E43DDE4B}.Debug|Any CPU.ActiveCfg = Debug|Any CPU
		{A5C5BCBA-A4E4-4BE9-B6F2-9734E43DDE4B}.Debug|Any CPU.Build.0 = Debug|Any CPU
		{A5C5BCBA-A4E4-4BE9-B6F2-9734E43DDE4B}.Release|Any CPU.ActiveCfg = Release|Any CPU
		{A5C5BCBA-A4E4-4BE9-B6F2-9734E43DDE4B}.Release|Any CPU.Build.0 = Release|Any CPU
	EndGlobalSection
	GlobalSection(SolutionProperties) = preSolution
		HideSolutionNode = FALSE
	EndGlobalSection
	GlobalSection(ExtensibilityGlobals) = postSolution
		SolutionGuid = {CE41750A-7084-4B1D-B6A6-0ABEC47DD80D}
	EndGlobalSection
EndGlobal
