
Microsoft Visual Studio Solution File, Format Version 12.00
# Visual Studio Version 16
VisualStudioVersion = 16.0.32901.82
MinimumVisualStudioVersion = 10.0.40219.1
Project("{FAE04EC0-301F-11D3-BF4B-00C04F79EFBC}") = "practiceLogin", "practiceLogin\practiceLogin.csproj", "{D678BC55-82BA-425F-9381-C5D9CCBCA28F}"
EndProject
Global
	GlobalSection(SolutionConfigurationPlatforms) = preSolution
		Debug|Any CPU = Debug|Any CPU
		Release|Any CPU = Release|Any CPU
	EndGlobalSection
	GlobalSection(ProjectConfigurationPlatforms) = postSolution
		{D678BC55-82BA-425F-9381-C5D9CCBCA28F}.Debug|Any CPU.ActiveCfg = Debug|Any CPU
		{D678BC55-82BA-425F-9381-C5D9CCBCA28F}.Debug|Any CPU.Build.0 = Debug|Any CPU
		{D678BC55-82BA-425F-9381-C5D9CCBCA28F}.Release|Any CPU.ActiveCfg = Release|Any CPU
		{D678BC55-82BA-425F-9381-C5D9CCBCA28F}.Release|Any CPU.Build.0 = Release|Any CPU
	EndGlobalSection
	GlobalSection(SolutionProperties) = preSolution
		HideSolutionNode = FALSE
	EndGlobalSection
	GlobalSection(ExtensibilityGlobals) = postSolution
		SolutionGuid = {60640D5C-B8FE-4A2B-B688-835C772C4192}
	EndGlobalSection
EndGlobal
