
Microsoft Visual Studio Solution File, Format Version 12.00
# Visual Studio Version 16
VisualStudioVersion = 16.0.32901.82
MinimumVisualStudioVersion = 10.0.40219.1
Project("{FAE04EC0-301F-11D3-BF4B-00C04F79EFBC}") = "ConsoleApp1", "ConsoleApp1\ConsoleApp1.csproj", "{5A9217F9-5A51-4510-B65A-CBB6E43596C8}"
EndProject
Global
	GlobalSection(SolutionConfigurationPlatforms) = preSolution
		Debug|Any CPU = Debug|Any CPU
		Release|Any CPU = Release|Any CPU
	EndGlobalSection
	GlobalSection(ProjectConfigurationPlatforms) = postSolution
		{5A9217F9-5A51-4510-B65A-CBB6E43596C8}.Debug|Any CPU.ActiveCfg = Debug|Any CPU
		{5A9217F9-5A51-4510-B65A-CBB6E43596C8}.Debug|Any CPU.Build.0 = Debug|Any CPU
		{5A9217F9-5A51-4510-B65A-CBB6E43596C8}.Release|Any CPU.ActiveCfg = Release|Any CPU
		{5A9217F9-5A51-4510-B65A-CBB6E43596C8}.Release|Any CPU.Build.0 = Release|Any CPU
	EndGlobalSection
	GlobalSection(SolutionProperties) = preSolution
		HideSolutionNode = FALSE
	EndGlobalSection
	GlobalSection(ExtensibilityGlobals) = postSolution
		SolutionGuid = {2D4ECE9F-3A77-48E4-A357-499654A3509F}
	EndGlobalSection
EndGlobal
