
Microsoft Visual Studio Solution File, Format Version 12.00
# Visual Studio Version 16
VisualStudioVersion = 16.0.32901.82
MinimumVisualStudioVersion = 10.0.40219.1
Project("{FAE04EC0-301F-11D3-BF4B-00C04F79EFBC}") = "ArrayList_video_10", "ArrayList_video_10\ArrayList_video_10.csproj", "{75A6973C-FD39-4761-AA7E-BD8AD563C142}"
EndProject
Global
	GlobalSection(SolutionConfigurationPlatforms) = preSolution
		Debug|Any CPU = Debug|Any CPU
		Release|Any CPU = Release|Any CPU
	EndGlobalSection
	GlobalSection(ProjectConfigurationPlatforms) = postSolution
		{75A6973C-FD39-4761-AA7E-BD8AD563C142}.Debug|Any CPU.ActiveCfg = Debug|Any CPU
		{75A6973C-FD39-4761-AA7E-BD8AD563C142}.Debug|Any CPU.Build.0 = Debug|Any CPU
		{75A6973C-FD39-4761-AA7E-BD8AD563C142}.Release|Any CPU.ActiveCfg = Release|Any CPU
		{75A6973C-FD39-4761-AA7E-BD8AD563C142}.Release|Any CPU.Build.0 = Release|Any CPU
	EndGlobalSection
	GlobalSection(SolutionProperties) = preSolution
		HideSolutionNode = FALSE
	EndGlobalSection
	GlobalSection(ExtensibilityGlobals) = postSolution
		SolutionGuid = {6066C76A-1506-43BB-BBD7-E535D31980B2}
	EndGlobalSection
EndGlobal
