
Microsoft Visual Studio Solution File, Format Version 12.00
# Visual Studio Version 16
VisualStudioVersion = 16.0.32901.82
MinimumVisualStudioVersion = 10.0.40219.1
Project("{FAE04EC0-301F-11D3-BF4B-00C04F79EFBC}") = "Class_Object", "Class_Object\Class_Object.csproj", "{7390D0F2-E64C-4D22-A5A7-BE7D24356902}"
EndProject
Global
	GlobalSection(SolutionConfigurationPlatforms) = preSolution
		Debug|Any CPU = Debug|Any CPU
		Release|Any CPU = Release|Any CPU
	EndGlobalSection
	GlobalSection(ProjectConfigurationPlatforms) = postSolution
		{7390D0F2-E64C-4D22-A5A7-BE7D24356902}.Debug|Any CPU.ActiveCfg = Debug|Any CPU
		{7390D0F2-E64C-4D22-A5A7-BE7D24356902}.Debug|Any CPU.Build.0 = Debug|Any CPU
		{7390D0F2-E64C-4D22-A5A7-BE7D24356902}.Release|Any CPU.ActiveCfg = Release|Any CPU
		{7390D0F2-E64C-4D22-A5A7-BE7D24356902}.Release|Any CPU.Build.0 = Release|Any CPU
	EndGlobalSection
	GlobalSection(SolutionProperties) = preSolution
		HideSolutionNode = FALSE
	EndGlobalSection
	GlobalSection(ExtensibilityGlobals) = postSolution
		SolutionGuid = {6961523A-F34E-44B7-9308-82CC12CD2B9E}
	EndGlobalSection
EndGlobal
