
Microsoft Visual Studio Solution File, Format Version 12.00
# Visual Studio Version 16
VisualStudioVersion = 16.0.32901.82
MinimumVisualStudioVersion = 10.0.40219.1
Project("{FAE04EC0-301F-11D3-BF4B-00C04F79EFBC}") = "Inheritence", "Inheritence\Inheritence.csproj", "{250C116A-F140-4C56-9BCB-CBEDACF2F5C8}"
EndProject
Global
	GlobalSection(SolutionConfigurationPlatforms) = preSolution
		Debug|Any CPU = Debug|Any CPU
		Release|Any CPU = Release|Any CPU
	EndGlobalSection
	GlobalSection(ProjectConfigurationPlatforms) = postSolution
		{250C116A-F140-4C56-9BCB-CBEDACF2F5C8}.Debug|Any CPU.ActiveCfg = Debug|Any CPU
		{250C116A-F140-4C56-9BCB-CBEDACF2F5C8}.Debug|Any CPU.Build.0 = Debug|Any CPU
		{250C116A-F140-4C56-9BCB-CBEDACF2F5C8}.Release|Any CPU.ActiveCfg = Release|Any CPU
		{250C116A-F140-4C56-9BCB-CBEDACF2F5C8}.Release|Any CPU.Build.0 = Release|Any CPU
	EndGlobalSection
	GlobalSection(SolutionProperties) = preSolution
		HideSolutionNode = FALSE
	EndGlobalSection
	GlobalSection(ExtensibilityGlobals) = postSolution
		SolutionGuid = {1BFCF5E6-15EC-4ADD-8E3F-9870ACDDA36F}
	EndGlobalSection
EndGlobal
