
Microsoft Visual Studio Solution File, Format Version 12.00
# Visual Studio Version 16
VisualStudioVersion = 16.0.32901.82
MinimumVisualStudioVersion = 10.0.40219.1
Project("{FAE04EC0-301F-11D3-BF4B-00C04F79EFBC}") = "OOP_Video_23", "OOP_Video_23\OOP_Video_23.csproj", "{B1E689EF-096F-4944-AE8D-7E8EB8634DBE}"
EndProject
Global
	GlobalSection(SolutionConfigurationPlatforms) = preSolution
		Debug|Any CPU = Debug|Any CPU
		Release|Any CPU = Release|Any CPU
	EndGlobalSection
	GlobalSection(ProjectConfigurationPlatforms) = postSolution
		{B1E689EF-096F-4944-AE8D-7E8EB8634DBE}.Debug|Any CPU.ActiveCfg = Debug|Any CPU
		{B1E689EF-096F-4944-AE8D-7E8EB8634DBE}.Debug|Any CPU.Build.0 = Debug|Any CPU
		{B1E689EF-096F-4944-AE8D-7E8EB8634DBE}.Release|Any CPU.ActiveCfg = Release|Any CPU
		{B1E689EF-096F-4944-AE8D-7E8EB8634DBE}.Release|Any CPU.Build.0 = Release|Any CPU
	EndGlobalSection
	GlobalSection(SolutionProperties) = preSolution
		HideSolutionNode = FALSE
	EndGlobalSection
	GlobalSection(ExtensibilityGlobals) = postSolution
		SolutionGuid = {66C44A67-A812-4E8B-A7D0-651FC3204E6A}
	EndGlobalSection
EndGlobal
