
Microsoft Visual Studio Solution File, Format Version 12.00
# Visual Studio Version 16
VisualStudioVersion = 16.0.32901.82
MinimumVisualStudioVersion = 10.0.40219.1
Project("{FAE04EC0-301F-11D3-BF4B-00C04F79EFBC}") = "List_Array", "List_Array\List_Array.csproj", "{30FB0C63-F18E-41F2-83CB-A130B67765DC}"
EndProject
Global
	GlobalSection(SolutionConfigurationPlatforms) = preSolution
		Debug|Any CPU = Debug|Any CPU
		Release|Any CPU = Release|Any CPU
	EndGlobalSection
	GlobalSection(ProjectConfigurationPlatforms) = postSolution
		{30FB0C63-F18E-41F2-83CB-A130B67765DC}.Debug|Any CPU.ActiveCfg = Debug|Any CPU
		{30FB0C63-F18E-41F2-83CB-A130B67765DC}.Debug|Any CPU.Build.0 = Debug|Any CPU
		{30FB0C63-F18E-41F2-83CB-A130B67765DC}.Release|Any CPU.ActiveCfg = Release|Any CPU
		{30FB0C63-F18E-41F2-83CB-A130B67765DC}.Release|Any CPU.Build.0 = Release|Any CPU
	EndGlobalSection
	GlobalSection(SolutionProperties) = preSolution
		HideSolutionNode = FALSE
	EndGlobalSection
	GlobalSection(ExtensibilityGlobals) = postSolution
		SolutionGuid = {6F84C4E3-C559-4C63-85E2-9DE0A6C19694}
	EndGlobalSection
EndGlobal
