
Microsoft Visual Studio Solution File, Format Version 12.00
# Visual Studio Version 16
VisualStudioVersion = 16.0.32901.82
MinimumVisualStudioVersion = 10.0.40219.1
Project("{FAE04EC0-301F-11D3-BF4B-00C04F79EFBC}") = "Projeect", "Projeect\Projeect.csproj", "{90512B32-B3C9-426B-9F20-71C002F20463}"
EndProject
Global
	GlobalSection(SolutionConfigurationPlatforms) = preSolution
		Debug|Any CPU = Debug|Any CPU
		Release|Any CPU = Release|Any CPU
	EndGlobalSection
	GlobalSection(ProjectConfigurationPlatforms) = postSolution
		{90512B32-B3C9-426B-9F20-71C002F20463}.Debug|Any CPU.ActiveCfg = Debug|Any CPU
		{90512B32-B3C9-426B-9F20-71C002F20463}.Debug|Any CPU.Build.0 = Debug|Any CPU
		{90512B32-B3C9-426B-9F20-71C002F20463}.Release|Any CPU.ActiveCfg = Release|Any CPU
		{90512B32-B3C9-426B-9F20-71C002F20463}.Release|Any CPU.Build.0 = Release|Any CPU
	EndGlobalSection
	GlobalSection(SolutionProperties) = preSolution
		HideSolutionNode = FALSE
	EndGlobalSection
	GlobalSection(ExtensibilityGlobals) = postSolution
		SolutionGuid = {A725F685-E935-495C-AEEA-40FEA0947CDE}
	EndGlobalSection
EndGlobal
